
Microsoft Visual Studio Solution File, Format Version 12.00
# Visual Studio 15
VisualStudioVersion = 15.0.28307.705
MinimumVisualStudioVersion = 10.0.40219.1
Project("{888888A0-9F3D-457C-B088-3A5042F75D52}") = "PytorchLearnNN", "PytorchLearnNN.pyproj", "{823CF91B-0BC6-479E-A036-4D3E9AF28D2F}"
EndProject
Global
	GlobalSection(SolutionConfigurationPlatforms) = preSolution
		Debug|Any CPU = Debug|Any CPU
		Release|Any CPU = Release|Any CPU
	EndGlobalSection
	GlobalSection(ProjectConfigurationPlatforms) = postSolution
		{823CF91B-0BC6-479E-A036-4D3E9AF28D2F}.Debug|Any CPU.ActiveCfg = Debug|Any CPU
		{823CF91B-0BC6-479E-A036-4D3E9AF28D2F}.Release|Any CPU.ActiveCfg = Release|Any CPU
	EndGlobalSection
	GlobalSection(SolutionProperties) = preSolution
		HideSolutionNode = FALSE
	EndGlobalSection
	GlobalSection(ExtensibilityGlobals) = postSolution
		SolutionGuid = {D4034687-D00C-4E5F-AC49-0B8CBC4BE81E}
	EndGlobalSection
EndGlobal
